
Microsoft Visual Studio Solution File, Format Version 12.00
# Visual Studio 15
VisualStudioVersion = 15.0.28307.645
MinimumVisualStudioVersion = 10.0.40219.1
Project("{FAE04EC0-301F-11D3-BF4B-00C04F79EFBC}") = "Api.http", "WebApplication1\Api.http.csproj", "{F11CD93F-124C-492F-B617-41DC254EEFF9}"
EndProject
Project("{FAE04EC0-301F-11D3-BF4B-00C04F79EFBC}") = "Domain", "Domain\Domain.csproj", "{A8E43C42-7C99-40BE-B662-8BD12F639A77}"
EndProject
Project("{FAE04EC0-301F-11D3-BF4B-00C04F79EFBC}") = "Repository", "Repository\Repository.csproj", "{0E8D1BD9-61FA-4A75-BA6B-E62B141DC992}"
EndProject
Global
	GlobalSection(SolutionConfigurationPlatforms) = preSolution
		Debug|Any CPU = Debug|Any CPU
		Release|Any CPU = Release|Any CPU
	EndGlobalSection
	GlobalSection(ProjectConfigurationPlatforms) = postSolution
		{F11CD93F-124C-492F-B617-41DC254EEFF9}.Debug|Any CPU.ActiveCfg = Debug|Any CPU
		{F11CD93F-124C-492F-B617-41DC254EEFF9}.Debug|Any CPU.Build.0 = Debug|Any CPU
		{F11CD93F-124C-492F-B617-41DC254EEFF9}.Release|Any CPU.ActiveCfg = Release|Any CPU
		{F11CD93F-124C-492F-B617-41DC254EEFF9}.Release|Any CPU.Build.0 = Release|Any CPU
		{A8E43C42-7C99-40BE-B662-8BD12F639A77}.Debug|Any CPU.ActiveCfg = Debug|Any CPU
		{A8E43C42-7C99-40BE-B662-8BD12F639A77}.Debug|Any CPU.Build.0 = Debug|Any CPU
		{A8E43C42-7C99-40BE-B662-8BD12F639A77}.Release|Any CPU.ActiveCfg = Release|Any CPU
		{A8E43C42-7C99-40BE-B662-8BD12F639A77}.Release|Any CPU.Build.0 = Release|Any CPU
		{0E8D1BD9-61FA-4A75-BA6B-E62B141DC992}.Debug|Any CPU.ActiveCfg = Debug|Any CPU
		{0E8D1BD9-61FA-4A75-BA6B-E62B141DC992}.Debug|Any CPU.Build.0 = Debug|Any CPU
		{0E8D1BD9-61FA-4A75-BA6B-E62B141DC992}.Release|Any CPU.ActiveCfg = Release|Any CPU
		{0E8D1BD9-61FA-4A75-BA6B-E62B141DC992}.Release|Any CPU.Build.0 = Release|Any CPU
	EndGlobalSection
	GlobalSection(SolutionProperties) = preSolution
		HideSolutionNode = FALSE
	EndGlobalSection
	GlobalSection(ExtensibilityGlobals) = postSolution
		SolutionGuid = {E54982F1-37D3-46F8-82D3-2323AC224256}
	EndGlobalSection
EndGlobal
